
Microsoft Visual Studio Solution File, Format Version 12.00
# Visual Studio Version 16
VisualStudioVersion = 16.0.29806.167
MinimumVisualStudioVersion = 10.0.40219.1
Project("{9A19103F-16F7-4668-BE54-9A1E7A4F7556}") = "DesignPatterns", "DesignPatterns\DesignPatterns.csproj", "{2ED16DD5-A09C-4F3D-8DBE-DF433A0D64E3}"
EndProject
Project("{FAE04EC0-301F-11D3-BF4B-00C04F79EFBC}") = "DesignPatternTests", "DesignPatternTests\DesignPatternTests.csproj", "{46B50143-8C1F-45BC-9884-204175FA32F0}"
EndProject
Global
	GlobalSection(SolutionConfigurationPlatforms) = preSolution
		Debug|Any CPU = Debug|Any CPU
		Release|Any CPU = Release|Any CPU
	EndGlobalSection
	GlobalSection(ProjectConfigurationPlatforms) = postSolution
		{2ED16DD5-A09C-4F3D-8DBE-DF433A0D64E3}.Debug|Any CPU.ActiveCfg = Debug|Any CPU
		{2ED16DD5-A09C-4F3D-8DBE-DF433A0D64E3}.Debug|Any CPU.Build.0 = Debug|Any CPU
		{2ED16DD5-A09C-4F3D-8DBE-DF433A0D64E3}.Release|Any CPU.ActiveCfg = Release|Any CPU
		{2ED16DD5-A09C-4F3D-8DBE-DF433A0D64E3}.Release|Any CPU.Build.0 = Release|Any CPU
		{46B50143-8C1F-45BC-9884-204175FA32F0}.Debug|Any CPU.ActiveCfg = Debug|Any CPU
		{46B50143-8C1F-45BC-9884-204175FA32F0}.Debug|Any CPU.Build.0 = Debug|Any CPU
		{46B50143-8C1F-45BC-9884-204175FA32F0}.Release|Any CPU.ActiveCfg = Release|Any CPU
		{46B50143-8C1F-45BC-9884-204175FA32F0}.Release|Any CPU.Build.0 = Release|Any CPU
	EndGlobalSection
	GlobalSection(SolutionProperties) = preSolution
		HideSolutionNode = FALSE
	EndGlobalSection
	GlobalSection(ExtensibilityGlobals) = postSolution
		SolutionGuid = {E7CAE542-8BDF-419A-AF2F-4B090F1936E2}
	EndGlobalSection
EndGlobal
